{
  "name": "as-monaco-beachvolley",
  "lockfileVersion": 3,
  "requires": true,
  "packages": {
    "": {
      "dependencies": {
        "@fullcalendar/core": "^6.1.20",
        "@fullcalendar/daygrid": "^6.1.20",
        "@fullcalendar/interaction": "^6.1.20",
        "@fullcalendar/resource-timegrid": "^6.1.20",
        "@fullcalendar/timegrid": "^6.1.20",
        "yarn": "^1.22.22"
      }
    },
    "node_modules/@fullcalendar/core": {
      "version": "6.1.20",
      "resolved": "https://registry.npmjs.org/@fullcalendar/core/-/core-6.1.20.tgz",
      "integrity": "sha512-1cukXLlePFiJ8YKXn/4tMKsy0etxYLCkXk8nUCFi11nRONF2Ba2CD5b21/ovtOO2tL6afTJfwmc1ed3HG7eB1g==",
      "license": "MIT",
      "dependencies": {
        "preact": "~10.12.1"
      }
    },
    "node_modules/@fullcalendar/daygrid": {
      "version": "6.1.20",
      "resolved": "https://registry.npmjs.org/@fullcalendar/daygrid/-/daygrid-6.1.20.tgz",
      "integrity": "sha512-AO9vqhkLP77EesmJzuU+IGXgxNulsA8mgQHynclJ8U70vSwAVnbcLG9qftiTAFSlZjiY/NvhE7sflve6cJelyQ==",
      "license": "MIT",
      "peerDependencies": {
        "@fullcalendar/core": "~6.1.20"
      }
    },
    "node_modules/@fullcalendar/interaction": {
      "version": "6.1.20",
      "resolved": "https://registry.npmjs.org/@fullcalendar/interaction/-/interaction-6.1.20.tgz",
      "integrity": "sha512-p6txmc5txL0bMiPaJxe2ip6o0T384TyoD2KGdsU6UjZ5yoBlaY+dg7kxfnYKpYMzEJLG58n+URrHr2PgNL2fyA==",
      "license": "MIT",
      "peerDependencies": {
        "@fullcalendar/core": "~6.1.20"
      }
    },
    "node_modules/@fullcalendar/premium-common": {
      "version": "6.1.20",
      "resolved": "https://registry.npmjs.org/@fullcalendar/premium-common/-/premium-common-6.1.20.tgz",
      "integrity": "sha512-rT+AitNnRyZuFEtYvsB1OJ2g1Bq2jmTR6qdn/dEU6LwkIj/4L499goLtMOena/JyJ31VBztdHrccX//36QrY3w==",
      "license": "SEE LICENSE IN LICENSE.md",
      "peerDependencies": {
        "@fullcalendar/core": "~6.1.20"
      }
    },
    "node_modules/@fullcalendar/resource": {
      "version": "6.1.20",
      "resolved": "https://registry.npmjs.org/@fullcalendar/resource/-/resource-6.1.20.tgz",
      "integrity": "sha512-vpQs1eYJbc1zGOzF3obVVr+XsHTMTG7STKVQBEGy3AeFgfosRkUz+3DUawmy98vSjJUYOAQHO+pWW0ek0n5g0w==",
      "license": "SEE LICENSE IN LICENSE.md",
      "peer": true,
      "dependencies": {
        "@fullcalendar/premium-common": "~6.1.20"
      },
      "peerDependencies": {
        "@fullcalendar/core": "~6.1.20"
      }
    },
    "node_modules/@fullcalendar/resource-daygrid": {
      "version": "6.1.20",
      "resolved": "https://registry.npmjs.org/@fullcalendar/resource-daygrid/-/resource-daygrid-6.1.20.tgz",
      "integrity": "sha512-g1rhNsTiGyx6U/01MCjRjQfpmkHpJABoTLS9TR2jcMa7X0SJd2xNd88phoMhIkYdfp+cZ29VOjhwN+3Xg6aohg==",
      "license": "SEE LICENSE IN LICENSE.md",
      "dependencies": {
        "@fullcalendar/daygrid": "~6.1.20",
        "@fullcalendar/premium-common": "~6.1.20"
      },
      "peerDependencies": {
        "@fullcalendar/core": "~6.1.20",
        "@fullcalendar/resource": "~6.1.20"
      }
    },
    "node_modules/@fullcalendar/resource-timegrid": {
      "version": "6.1.20",
      "resolved": "https://registry.npmjs.org/@fullcalendar/resource-timegrid/-/resource-timegrid-6.1.20.tgz",
      "integrity": "sha512-uMf9ERh1c/WeYHg5CPNGxYorkamDzfwUh2o9XS+9fR+KypIIovH1ArflOZF42XFsdrvQx61vDF0alt6/cOqT8Q==",
      "license": "SEE LICENSE IN LICENSE.md",
      "dependencies": {
        "@fullcalendar/premium-common": "~6.1.20",
        "@fullcalendar/resource-daygrid": "~6.1.20",
        "@fullcalendar/timegrid": "~6.1.20"
      },
      "peerDependencies": {
        "@fullcalendar/core": "~6.1.20",
        "@fullcalendar/resource": "~6.1.20"
      }
    },
    "node_modules/@fullcalendar/timegrid": {
      "version": "6.1.20",
      "resolved": "https://registry.npmjs.org/@fullcalendar/timegrid/-/timegrid-6.1.20.tgz",
      "integrity": "sha512-4H+/MWbz3ntA50lrPif+7TsvMeX3R1GSYjiLULz0+zEJ7/Yfd9pupZmAwUs/PBpA6aAcFmeRr0laWfcz1a9V1A==",
      "license": "MIT",
      "dependencies": {
        "@fullcalendar/daygrid": "~6.1.20"
      },
      "peerDependencies": {
        "@fullcalendar/core": "~6.1.20"
      }
    },
    "node_modules/preact": {
      "version": "10.12.1",
      "resolved": "https://registry.npmjs.org/preact/-/preact-10.12.1.tgz",
      "integrity": "sha512-l8386ixSsBdbreOAkqtrwqHwdvR35ID8c3rKPa8lCWuO86dBi32QWHV4vfsZK1utLLFMvw+Z5Ad4XLkZzchscg==",
      "license": "MIT",
      "funding": {
        "type": "opencollective",
        "url": "https://opencollective.com/preact"
      }
    },
    "node_modules/yarn": {
      "version": "1.22.22",
      "resolved": "https://registry.npmjs.org/yarn/-/yarn-1.22.22.tgz",
      "integrity": "sha512-prL3kGtyG7o9Z9Sv8IPfBNrWTDmXB4Qbes8A9rEzt6wkJV8mUvoirjU0Mp3GGAU06Y0XQyA3/2/RQFVuK7MTfg==",
      "hasInstallScript": true,
      "license": "BSD-2-Clause",
      "bin": {
        "yarn": "bin/yarn.js",
        "yarnpkg": "bin/yarn.js"
      },
      "engines": {
        "node": ">=4.0.0"
      }
    }
  }
}
