{
  "name": "as-monaco-beachvolley",
  "lockfileVersion": 3,
  "requires": true,
  "packages": {
    "": {
      "dependencies": {
        "@fullcalendar/core": "^6.1.20",
        "@fullcalendar/daygrid": "^6.1.20",
        "@fullcalendar/interaction": "^6.1.20",
        "@fullcalendar/resource-timegrid": "^6.1.20",
        "@fullcalendar/timegrid": "^6.1.20",
        "yarn": "^1.22.22"
      }
    },
    "node_modules/@fullcalendar/core": {
      "version": "6.1.21",
      "resolved": "https://registry.npmjs.org/@fullcalendar/core/-/core-6.1.21.tgz",
      "integrity": "sha512-t3u/+sqh3Iq7TWtUnVLcGDUE6OWZh0UD3c04bI/l7lSLAgAKr3kngBmhHiQD1QXpwC8ZN5iNqG7a7gOVixhSKQ==",
      "license": "MIT",
      "dependencies": {
        "preact": "~10.12.1"
      }
    },
    "node_modules/@fullcalendar/daygrid": {
      "version": "6.1.21",
      "resolved": "https://registry.npmjs.org/@fullcalendar/daygrid/-/daygrid-6.1.21.tgz",
      "integrity": "sha512-QYb1y40RGYLlOxKpYWg8O+7njEnKnFG8Tt7qjnubJGR35s1phQg67E+81y2TyAbbm59p2JFOCXGDk9t6KDujIA==",
      "license": "MIT",
      "peerDependencies": {
        "@fullcalendar/core": "~6.1.21"
      }
    },
    "node_modules/@fullcalendar/interaction": {
      "version": "6.1.21",
      "resolved": "https://registry.npmjs.org/@fullcalendar/interaction/-/interaction-6.1.21.tgz",
      "integrity": "sha512-WPYpqtljDWmU0Xm2cOtFrLlocgxv7cgkOppj34Q6OUUat8a6Cnd6kYo2JR+irP223PE5lBYHFNp1qh7SIpJc0w==",
      "license": "MIT",
      "peerDependencies": {
        "@fullcalendar/core": "~6.1.21"
      }
    },
    "node_modules/@fullcalendar/premium-common": {
      "version": "6.1.21",
      "resolved": "https://registry.npmjs.org/@fullcalendar/premium-common/-/premium-common-6.1.21.tgz",
      "integrity": "sha512-c1d5e1xyteQiU1aY6QQr5TDOV0qGnHvZy8OQzVbVDjGJEECu9wAZ2Z5GCrMymFgUa5qpL2SXrw7iBkoCeoBs0w==",
      "license": "SEE LICENSE IN LICENSE.md",
      "peerDependencies": {
        "@fullcalendar/core": "~6.1.21"
      }
    },
    "node_modules/@fullcalendar/resource": {
      "version": "6.1.21",
      "resolved": "https://registry.npmjs.org/@fullcalendar/resource/-/resource-6.1.21.tgz",
      "integrity": "sha512-sUh28dYbyT7kPmM/fVdJjiX35RpSZ+wlIuG6hojwsXQxA1OiCVW0zbjtc+LAz2XZgj80Lqi+6dxOu+0Jb3aCGQ==",
      "license": "SEE LICENSE IN LICENSE.md",
      "peer": true,
      "dependencies": {
        "@fullcalendar/premium-common": "~6.1.21"
      },
      "peerDependencies": {
        "@fullcalendar/core": "~6.1.21"
      }
    },
    "node_modules/@fullcalendar/resource-daygrid": {
      "version": "6.1.21",
      "resolved": "https://registry.npmjs.org/@fullcalendar/resource-daygrid/-/resource-daygrid-6.1.21.tgz",
      "integrity": "sha512-3V98bNN9Yi4LDtZsqp7r+6U88i6OhcjDSCYwCoopgqsDjyjyXUpKHqwxkfyt0eZkybnTTpVqPQOchyk94LghjA==",
      "license": "SEE LICENSE IN LICENSE.md",
      "dependencies": {
        "@fullcalendar/daygrid": "~6.1.21",
        "@fullcalendar/premium-common": "~6.1.21"
      },
      "peerDependencies": {
        "@fullcalendar/core": "~6.1.21",
        "@fullcalendar/resource": "~6.1.21"
      }
    },
    "node_modules/@fullcalendar/resource-timegrid": {
      "version": "6.1.21",
      "resolved": "https://registry.npmjs.org/@fullcalendar/resource-timegrid/-/resource-timegrid-6.1.21.tgz",
      "integrity": "sha512-myYJEC9Os1zPJr7ZGPec4jOUTY5maLIIldk6RZbrtZXChA3XcObQUdr5i20C/xVa79aW8cVjB0+X92cq0hoZXQ==",
      "license": "SEE LICENSE IN LICENSE.md",
      "dependencies": {
        "@fullcalendar/premium-common": "~6.1.21",
        "@fullcalendar/resource-daygrid": "~6.1.21",
        "@fullcalendar/timegrid": "~6.1.21"
      },
      "peerDependencies": {
        "@fullcalendar/core": "~6.1.21",
        "@fullcalendar/resource": "~6.1.21"
      }
    },
    "node_modules/@fullcalendar/timegrid": {
      "version": "6.1.21",
      "resolved": "https://registry.npmjs.org/@fullcalendar/timegrid/-/timegrid-6.1.21.tgz",
      "integrity": "sha512-2DnShx/jallGmb8QCkr6pAOu/zuPhJrP7+uTrAtSnbqsX7GF3lTxqSeNGkTQwsgF5g/ia8udhQ+JNYaE+TN1cQ==",
      "license": "MIT",
      "dependencies": {
        "@fullcalendar/daygrid": "~6.1.21"
      },
      "peerDependencies": {
        "@fullcalendar/core": "~6.1.21"
      }
    },
    "node_modules/preact": {
      "version": "10.12.1",
      "resolved": "https://registry.npmjs.org/preact/-/preact-10.12.1.tgz",
      "integrity": "sha512-l8386ixSsBdbreOAkqtrwqHwdvR35ID8c3rKPa8lCWuO86dBi32QWHV4vfsZK1utLLFMvw+Z5Ad4XLkZzchscg==",
      "license": "MIT",
      "funding": {
        "type": "opencollective",
        "url": "https://opencollective.com/preact"
      }
    },
    "node_modules/yarn": {
      "version": "1.22.22",
      "resolved": "https://registry.npmjs.org/yarn/-/yarn-1.22.22.tgz",
      "integrity": "sha512-prL3kGtyG7o9Z9Sv8IPfBNrWTDmXB4Qbes8A9rEzt6wkJV8mUvoirjU0Mp3GGAU06Y0XQyA3/2/RQFVuK7MTfg==",
      "hasInstallScript": true,
      "license": "BSD-2-Clause",
      "bin": {
        "yarn": "bin/yarn.js",
        "yarnpkg": "bin/yarn.js"
      },
      "engines": {
        "node": ">=4.0.0"
      }
    }
  }
}
