# THIS IS AN AUTOGENERATED FILE. DO NOT EDIT THIS FILE DIRECTLY.
# yarn lockfile v1


"@gouvfr/dsfr@^1.14.0":
  version "1.14.0"
  resolved "https://registry.yarnpkg.com/@gouvfr/dsfr/-/dsfr-1.14.0.tgz#cf753fae982f5b6a746bc9d31a471eb0c66ce428"
  integrity sha512-lF02JujHsr4J39gnC7y+qe0LLnh01cb6JwbMIKK2YcNjzvmfb26C0uW0+gyugD41wjFQQcIFWz07g6ynqxjNzA==

yarn@^1.22.22:
  version "1.22.22"
  resolved "https://registry.npmjs.org/yarn/-/yarn-1.22.22.tgz"
  integrity sha512-prL3kGtyG7o9Z9Sv8IPfBNrWTDmXB4Qbes8A9rEzt6wkJV8mUvoirjU0Mp3GGAU06Y0XQyA3/2/RQFVuK7MTfg==
